
Microsoft Visual Studio Solution File, Format Version 12.00
# Visual Studio Version 17
VisualStudioVersion = 17.12.35527.113 d17.12
MinimumVisualStudioVersion = 10.0.40219.1
Project("{FAE04EC0-301F-11D3-BF4B-00C04F79EFBC}") = "Mnf Portal.APIs", "Mnf Portal.APIs\Mnf Portal.APIs.csproj", "{D029DF38-984E-4FDD-B453-10855BED3B85}"
EndProject
Project("{FAE04EC0-301F-11D3-BF4B-00C04F79EFBC}") = "Mnf Portal.Core", "Mnf Portal.Core\Mnf Portal.Core.csproj", "{7671ADFA-628F-4874-A8C4-EBD44CCA9880}"
EndProject
Project("{FAE04EC0-301F-11D3-BF4B-00C04F79EFBC}") = "Mnf Portal.Infrastructure", "Mnf Portal.Infrastructure\Mnf Portal.Infrastructure.csproj", "{2A9A4E7B-EE0C-4356-AC9A-8D4D20192CA4}"
EndProject
Global
	GlobalSection(SolutionConfigurationPlatforms) = preSolution
		Debug|Any CPU = Debug|Any CPU
		Release|Any CPU = Release|Any CPU
	EndGlobalSection
	GlobalSection(ProjectConfigurationPlatforms) = postSolution
		{D029DF38-984E-4FDD-B453-10855BED3B85}.Debug|Any CPU.ActiveCfg = Debug|Any CPU
		{D029DF38-984E-4FDD-B453-10855BED3B85}.Debug|Any CPU.Build.0 = Debug|Any CPU
		{D029DF38-984E-4FDD-B453-10855BED3B85}.Release|Any CPU.ActiveCfg = Release|Any CPU
		{D029DF38-984E-4FDD-B453-10855BED3B85}.Release|Any CPU.Build.0 = Release|Any CPU
		{7671ADFA-628F-4874-A8C4-EBD44CCA9880}.Debug|Any CPU.ActiveCfg = Debug|Any CPU
		{7671ADFA-628F-4874-A8C4-EBD44CCA9880}.Debug|Any CPU.Build.0 = Debug|Any CPU
		{7671ADFA-628F-4874-A8C4-EBD44CCA9880}.Release|Any CPU.ActiveCfg = Release|Any CPU
		{7671ADFA-628F-4874-A8C4-EBD44CCA9880}.Release|Any CPU.Build.0 = Release|Any CPU
		{2A9A4E7B-EE0C-4356-AC9A-8D4D20192CA4}.Debug|Any CPU.ActiveCfg = Debug|Any CPU
		{2A9A4E7B-EE0C-4356-AC9A-8D4D20192CA4}.Debug|Any CPU.Build.0 = Debug|Any CPU
		{2A9A4E7B-EE0C-4356-AC9A-8D4D20192CA4}.Release|Any CPU.ActiveCfg = Release|Any CPU
		{2A9A4E7B-EE0C-4356-AC9A-8D4D20192CA4}.Release|Any CPU.Build.0 = Release|Any CPU
	EndGlobalSection
	GlobalSection(SolutionProperties) = preSolution
		HideSolutionNode = FALSE
	EndGlobalSection
EndGlobal
